
Microsoft Visual Studio Solution File, Format Version 12.00
# Visual Studio Version 17
VisualStudioVersion = 17.9.34714.143
MinimumVisualStudioVersion = 10.0.40219.1
Project("{9A19103F-16F7-4668-BE54-9A1E7A4F7556}") = "DoctorAppointment.Api", "DoctorAppointment\DoctorAppointment.Api.csproj", "{7D27257C-06AD-44ED-8EAB-5E9628D81194}"
EndProject
Project("{2150E333-8FDC-42A3-9474-1A3956D46DE8}") = "src", "src", "{F87202EB-A625-46BF-80BA-AAE4BA4E86E6}"
EndProject
Project("{2150E333-8FDC-42A3-9474-1A3956D46DE8}") = "API", "API", "{CBF37C3E-3A73-4E7A-8155-12E277EF691E}"
EndProject
Project("{2150E333-8FDC-42A3-9474-1A3956D46DE8}") = "Modules", "Modules", "{44970A7C-C8CB-4D60-92D0-283A644B6AE4}"
EndProject
Project("{2150E333-8FDC-42A3-9474-1A3956D46DE8}") = "AppointmentConfirmation", "AppointmentConfirmation", "{66B89E93-BBE3-46CF-8071-56B2D8D4CE82}"
EndProject
Project("{2150E333-8FDC-42A3-9474-1A3956D46DE8}") = "AppointmentBooking", "AppointmentBooking", "{C4679F1B-A290-4F85-BE62-DAC865463C35}"
EndProject
Project("{9A19103F-16F7-4668-BE54-9A1E7A4F7556}") = "DoctorAppointment.Modules.AppointmentBooking.Domain", "DoctorAppointment.Modules.AppointmentBooking.Domain\DoctorAppointment.Modules.AppointmentBooking.Domain.csproj", "{5E3FC7B2-9745-4362-9633-B32F021DA4B7}"
EndProject
Project("{9A19103F-16F7-4668-BE54-9A1E7A4F7556}") = "DoctorAppointment.Modules.AppointmentBooking.Application", "DoctorAppointment.Modules.AppointmentBooking.Application\DoctorAppointment.Modules.AppointmentBooking.Application.csproj", "{F6429D80-792B-46EA-986D-717BBBBC002A}"
EndProject
Project("{9A19103F-16F7-4668-BE54-9A1E7A4F7556}") = "DoctorAppointment.Modules.AppointmentBooking.Infrastructure", "DoctorAppointment.Modules.AppointmentBooking.Infrastructure\DoctorAppointment.Modules.AppointmentBooking.Infrastructure.csproj", "{89DD2679-D55A-42F1-A1B9-59477304AC9A}"
EndProject
Project("{9A19103F-16F7-4668-BE54-9A1E7A4F7556}") = "DoctorAppointment.Modules.AppointmentBooking.Presentation", "DoctorAppointment.Modules.AppointmentBooking.Presentation\DoctorAppointment.Modules.AppointmentBooking.Presentation.csproj", "{645E2F97-88FA-4010-A926-A2DE85CD1695}"
EndProject
Project("{9A19103F-16F7-4668-BE54-9A1E7A4F7556}") = "DoctorAppointment.Modules.DoctorAvailability.PublicApi", "DoctorAppointment.Modules.DoctorAvailability.PublicApi\DoctorAppointment.Modules.DoctorAvailability.PublicApi.csproj", "{F0F33CAF-1999-4618-AC2A-DABC6C1DF3E0}"
EndProject
Project("{2150E333-8FDC-42A3-9474-1A3956D46DE8}") = "DoctorAvailability", "DoctorAvailability", "{5CA9047D-F2CC-459C-BA54-B30871EAF52A}"
EndProject
Project("{9A19103F-16F7-4668-BE54-9A1E7A4F7556}") = "DoctorAppointment.Modules.DoctorAvailability.DAL", "DoctorAppointment.Modules.DoctorAvailability.Infrastructure\DoctorAppointment.Modules.DoctorAvailability.DAL.csproj", "{DCA124EC-3220-49D1-BFC0-BCF74A186984}"
EndProject
Project("{9A19103F-16F7-4668-BE54-9A1E7A4F7556}") = "DoctorAppointment.Modules.DoctorAvailability.Domain", "DoctorAppointment.Modules.DoctorAvailability.Domain\DoctorAppointment.Modules.DoctorAvailability.Domain.csproj", "{74CBE262-2719-4EF4-BF74-EE81FB5B7A3B}"
EndProject
Project("{9A19103F-16F7-4668-BE54-9A1E7A4F7556}") = "DoctorAppointment.Modules.DoctorAvailability.Presentation", "DoctorAppointment.Modules.DoctorAvailability.Presentation\DoctorAppointment.Modules.DoctorAvailability.Presentation.csproj", "{3FF7B24E-E28B-4DB1-9B16-322D436F9842}"
EndProject
Project("{9A19103F-16F7-4668-BE54-9A1E7A4F7556}") = "DoctorAppointment.Modules.DoctorAvailability.BusinessLogic", "DoctorAppointment.Modules.DoctorAvailability.BusinessLogic\DoctorAppointment.Modules.DoctorAvailability.BusinessLogic.csproj", "{FFB56544-D11B-4416-B27E-793161CC9557}"
EndProject
Project("{FAE04EC0-301F-11D3-BF4B-00C04F79EFBC}") = "DoctorAppointment.Modules.AppointmentConfirmation.Infrastructure", "DoctorAppointment.Modules.AppointmentConfirmation.Infrastructure\DoctorAppointment.Modules.AppointmentConfirmation.Infrastructure.csproj", "{F5D0BD9C-D7DA-4A5B-BC37-F6516E83268F}"
EndProject
Project("{FAE04EC0-301F-11D3-BF4B-00C04F79EFBC}") = "DoctorAppointment.Modules.AppointmentBooking.PublicApi", "DoctorAppointment.Modules.AppointmentBooking.PuplicApi\DoctorAppointment.Modules.AppointmentBooking.PublicApi.csproj", "{63109B19-7BBD-4206-8AB1-2F5325B62205}"
EndProject
Project("{2150E333-8FDC-42A3-9474-1A3956D46DE8}") = "DoctorAppointmentManagement", "DoctorAppointmentManagement", "{5DDB290E-B78C-443F-9884-8E77D834466C}"
EndProject
Project("{FAE04EC0-301F-11D3-BF4B-00C04F79EFBC}") = "DoctorAppointment.Modules.DoctorAppointmentManagement.Presentation", "DoctorAppointment.Modules.DoctorAppointmentManagement.Presentation\DoctorAppointment.Modules.DoctorAppointmentManagement.Presentation.csproj", "{EFCDC3BE-9222-4628-880B-1E43E3B7B346}"
EndProject
Global
	GlobalSection(SolutionConfigurationPlatforms) = preSolution
		Debug|Any CPU = Debug|Any CPU
		Release|Any CPU = Release|Any CPU
	EndGlobalSection
	GlobalSection(ProjectConfigurationPlatforms) = postSolution
		{7D27257C-06AD-44ED-8EAB-5E9628D81194}.Debug|Any CPU.ActiveCfg = Debug|Any CPU
		{7D27257C-06AD-44ED-8EAB-5E9628D81194}.Debug|Any CPU.Build.0 = Debug|Any CPU
		{7D27257C-06AD-44ED-8EAB-5E9628D81194}.Release|Any CPU.ActiveCfg = Release|Any CPU
		{7D27257C-06AD-44ED-8EAB-5E9628D81194}.Release|Any CPU.Build.0 = Release|Any CPU
		{5E3FC7B2-9745-4362-9633-B32F021DA4B7}.Debug|Any CPU.ActiveCfg = Debug|Any CPU
		{5E3FC7B2-9745-4362-9633-B32F021DA4B7}.Debug|Any CPU.Build.0 = Debug|Any CPU
		{5E3FC7B2-9745-4362-9633-B32F021DA4B7}.Release|Any CPU.ActiveCfg = Release|Any CPU
		{5E3FC7B2-9745-4362-9633-B32F021DA4B7}.Release|Any CPU.Build.0 = Release|Any CPU
		{F6429D80-792B-46EA-986D-717BBBBC002A}.Debug|Any CPU.ActiveCfg = Debug|Any CPU
		{F6429D80-792B-46EA-986D-717BBBBC002A}.Debug|Any CPU.Build.0 = Debug|Any CPU
		{F6429D80-792B-46EA-986D-717BBBBC002A}.Release|Any CPU.ActiveCfg = Release|Any CPU
		{F6429D80-792B-46EA-986D-717BBBBC002A}.Release|Any CPU.Build.0 = Release|Any CPU
		{89DD2679-D55A-42F1-A1B9-59477304AC9A}.Debug|Any CPU.ActiveCfg = Debug|Any CPU
		{89DD2679-D55A-42F1-A1B9-59477304AC9A}.Debug|Any CPU.Build.0 = Debug|Any CPU
		{89DD2679-D55A-42F1-A1B9-59477304AC9A}.Release|Any CPU.ActiveCfg = Release|Any CPU
		{89DD2679-D55A-42F1-A1B9-59477304AC9A}.Release|Any CPU.Build.0 = Release|Any CPU
		{645E2F97-88FA-4010-A926-A2DE85CD1695}.Debug|Any CPU.ActiveCfg = Debug|Any CPU
		{645E2F97-88FA-4010-A926-A2DE85CD1695}.Debug|Any CPU.Build.0 = Debug|Any CPU
		{645E2F97-88FA-4010-A926-A2DE85CD1695}.Release|Any CPU.ActiveCfg = Release|Any CPU
		{645E2F97-88FA-4010-A926-A2DE85CD1695}.Release|Any CPU.Build.0 = Release|Any CPU
		{F0F33CAF-1999-4618-AC2A-DABC6C1DF3E0}.Debug|Any CPU.ActiveCfg = Debug|Any CPU
		{F0F33CAF-1999-4618-AC2A-DABC6C1DF3E0}.Debug|Any CPU.Build.0 = Debug|Any CPU
		{F0F33CAF-1999-4618-AC2A-DABC6C1DF3E0}.Release|Any CPU.ActiveCfg = Release|Any CPU
		{F0F33CAF-1999-4618-AC2A-DABC6C1DF3E0}.Release|Any CPU.Build.0 = Release|Any CPU
		{DCA124EC-3220-49D1-BFC0-BCF74A186984}.Debug|Any CPU.ActiveCfg = Debug|Any CPU
		{DCA124EC-3220-49D1-BFC0-BCF74A186984}.Debug|Any CPU.Build.0 = Debug|Any CPU
		{DCA124EC-3220-49D1-BFC0-BCF74A186984}.Release|Any CPU.ActiveCfg = Release|Any CPU
		{DCA124EC-3220-49D1-BFC0-BCF74A186984}.Release|Any CPU.Build.0 = Release|Any CPU
		{74CBE262-2719-4EF4-BF74-EE81FB5B7A3B}.Debug|Any CPU.ActiveCfg = Debug|Any CPU
		{74CBE262-2719-4EF4-BF74-EE81FB5B7A3B}.Debug|Any CPU.Build.0 = Debug|Any CPU
		{74CBE262-2719-4EF4-BF74-EE81FB5B7A3B}.Release|Any CPU.ActiveCfg = Release|Any CPU
		{74CBE262-2719-4EF4-BF74-EE81FB5B7A3B}.Release|Any CPU.Build.0 = Release|Any CPU
		{3FF7B24E-E28B-4DB1-9B16-322D436F9842}.Debug|Any CPU.ActiveCfg = Debug|Any CPU
		{3FF7B24E-E28B-4DB1-9B16-322D436F9842}.Debug|Any CPU.Build.0 = Debug|Any CPU
		{3FF7B24E-E28B-4DB1-9B16-322D436F9842}.Release|Any CPU.ActiveCfg = Release|Any CPU
		{3FF7B24E-E28B-4DB1-9B16-322D436F9842}.Release|Any CPU.Build.0 = Release|Any CPU
		{FFB56544-D11B-4416-B27E-793161CC9557}.Debug|Any CPU.ActiveCfg = Debug|Any CPU
		{FFB56544-D11B-4416-B27E-793161CC9557}.Debug|Any CPU.Build.0 = Debug|Any CPU
		{FFB56544-D11B-4416-B27E-793161CC9557}.Release|Any CPU.ActiveCfg = Release|Any CPU
		{FFB56544-D11B-4416-B27E-793161CC9557}.Release|Any CPU.Build.0 = Release|Any CPU
		{F5D0BD9C-D7DA-4A5B-BC37-F6516E83268F}.Debug|Any CPU.ActiveCfg = Debug|Any CPU
		{F5D0BD9C-D7DA-4A5B-BC37-F6516E83268F}.Debug|Any CPU.Build.0 = Debug|Any CPU
		{F5D0BD9C-D7DA-4A5B-BC37-F6516E83268F}.Release|Any CPU.ActiveCfg = Release|Any CPU
		{F5D0BD9C-D7DA-4A5B-BC37-F6516E83268F}.Release|Any CPU.Build.0 = Release|Any CPU
		{63109B19-7BBD-4206-8AB1-2F5325B62205}.Debug|Any CPU.ActiveCfg = Debug|Any CPU
		{63109B19-7BBD-4206-8AB1-2F5325B62205}.Debug|Any CPU.Build.0 = Debug|Any CPU
		{63109B19-7BBD-4206-8AB1-2F5325B62205}.Release|Any CPU.ActiveCfg = Release|Any CPU
		{63109B19-7BBD-4206-8AB1-2F5325B62205}.Release|Any CPU.Build.0 = Release|Any CPU
		{EFCDC3BE-9222-4628-880B-1E43E3B7B346}.Debug|Any CPU.ActiveCfg = Debug|Any CPU
		{EFCDC3BE-9222-4628-880B-1E43E3B7B346}.Debug|Any CPU.Build.0 = Debug|Any CPU
		{EFCDC3BE-9222-4628-880B-1E43E3B7B346}.Release|Any CPU.ActiveCfg = Release|Any CPU
		{EFCDC3BE-9222-4628-880B-1E43E3B7B346}.Release|Any CPU.Build.0 = Release|Any CPU
	EndGlobalSection
	GlobalSection(SolutionProperties) = preSolution
		HideSolutionNode = FALSE
	EndGlobalSection
	GlobalSection(NestedProjects) = preSolution
		{7D27257C-06AD-44ED-8EAB-5E9628D81194} = {CBF37C3E-3A73-4E7A-8155-12E277EF691E}
		{CBF37C3E-3A73-4E7A-8155-12E277EF691E} = {F87202EB-A625-46BF-80BA-AAE4BA4E86E6}
		{44970A7C-C8CB-4D60-92D0-283A644B6AE4} = {F87202EB-A625-46BF-80BA-AAE4BA4E86E6}
		{66B89E93-BBE3-46CF-8071-56B2D8D4CE82} = {44970A7C-C8CB-4D60-92D0-283A644B6AE4}
		{C4679F1B-A290-4F85-BE62-DAC865463C35} = {44970A7C-C8CB-4D60-92D0-283A644B6AE4}
		{5E3FC7B2-9745-4362-9633-B32F021DA4B7} = {C4679F1B-A290-4F85-BE62-DAC865463C35}
		{F6429D80-792B-46EA-986D-717BBBBC002A} = {C4679F1B-A290-4F85-BE62-DAC865463C35}
		{89DD2679-D55A-42F1-A1B9-59477304AC9A} = {C4679F1B-A290-4F85-BE62-DAC865463C35}
		{645E2F97-88FA-4010-A926-A2DE85CD1695} = {C4679F1B-A290-4F85-BE62-DAC865463C35}
		{F0F33CAF-1999-4618-AC2A-DABC6C1DF3E0} = {5CA9047D-F2CC-459C-BA54-B30871EAF52A}
		{5CA9047D-F2CC-459C-BA54-B30871EAF52A} = {44970A7C-C8CB-4D60-92D0-283A644B6AE4}
		{DCA124EC-3220-49D1-BFC0-BCF74A186984} = {5CA9047D-F2CC-459C-BA54-B30871EAF52A}
		{74CBE262-2719-4EF4-BF74-EE81FB5B7A3B} = {5CA9047D-F2CC-459C-BA54-B30871EAF52A}
		{3FF7B24E-E28B-4DB1-9B16-322D436F9842} = {5CA9047D-F2CC-459C-BA54-B30871EAF52A}
		{FFB56544-D11B-4416-B27E-793161CC9557} = {5CA9047D-F2CC-459C-BA54-B30871EAF52A}
		{F5D0BD9C-D7DA-4A5B-BC37-F6516E83268F} = {66B89E93-BBE3-46CF-8071-56B2D8D4CE82}
		{63109B19-7BBD-4206-8AB1-2F5325B62205} = {C4679F1B-A290-4F85-BE62-DAC865463C35}
		{5DDB290E-B78C-443F-9884-8E77D834466C} = {44970A7C-C8CB-4D60-92D0-283A644B6AE4}
		{EFCDC3BE-9222-4628-880B-1E43E3B7B346} = {5DDB290E-B78C-443F-9884-8E77D834466C}
	EndGlobalSection
	GlobalSection(ExtensibilityGlobals) = postSolution
		SolutionGuid = {E3D633FE-268D-4396-A433-010AF798F2AA}
	EndGlobalSection
EndGlobal
